// !$*UTF8*$!
{
	archiveVersion = 1;
	classes = {
	};
	objectVersion = 46;
	objects = {

/* Begin PBXBuildFile section */
		53032B021E0C7A2F00208CBA /* AppDelegate.swift in Sources */ = {isa = PBXBuildFile; fileRef = 53032B011E0C7A2F00208CBA /* AppDelegate.swift */; };
		53032B041E0C7A2F00208CBA /* ViewController.swift in Sources */ = {isa = PBXBuildFile; fileRef = 53032B031E0C7A2F00208CBA /* ViewController.swift */; };
		53032B071E0C7A2F00208CBA /* Main.storyboard in Resources */ = {isa = PBXBuildFile; fileRef = 53032B051E0C7A2F00208CBA /* Main.storyboard */; };
		53032B091E0C7A2F00208CBA /* Assets.xcassets in Resources */ = {isa = PBXBuildFile; fileRef = 53032B081E0C7A2F00208CBA /* Assets.xcassets */; };
		53032B0C1E0C7A2F00208CBA /* LaunchScreen.storyboard in Resources */ = {isa = PBXBuildFile; fileRef = 53032B0A1E0C7A2F00208CBA /* LaunchScreen.storyboard */; };
		534573411E34422100E297D5 /* tic board.gif in Resources */ = {isa = PBXBuildFile; fileRef = 5345733E1E34422100E297D5 /* tic board.gif */; };
		534573421E34422100E297D5 /* tic1.png in Resources */ = {isa = PBXBuildFile; fileRef = 5345733F1E34422100E297D5 /* tic1.png */; };
		534573431E34422100E297D5 /* tic2.png in Resources */ = {isa = PBXBuildFile; fileRef = 534573401E34422100E297D5 /* tic2.png */; };
/* End PBXBuildFile section */

/* Begin PBXFileReference section */
		53032AFE1E0C7A2F00208CBA /* Tic Tac Toe.app */ = {isa = PBXFileReference; explicitFileType = wrapper.application; includeInIndex = 0; path = "Tic Tac Toe.app"; sourceTree = BUILT_PRODUCTS_DIR; };
		53032B011E0C7A2F00208CBA /* AppDelegate.swift */ = {isa = PBXFileReference; lastKnownFileType = sourcecode.swift; path = AppDelegate.swift; sourceTree = "<group>"; };
		53032B031E0C7A2F00208CBA /* ViewController.swift */ = {isa = PBXFileReference; lastKnownFileType = sourcecode.swift; path = ViewController.swift; sourceTree = "<group>"; };
		53032B061E0C7A2F00208CBA /* Base */ = {isa = PBXFileReference; lastKnownFileType = file.storyboard; name = Base; path = Base.lproj/Main.storyboard; sourceTree = "<group>"; };
		53032B081E0C7A2F00208CBA /* Assets.xcassets */ = {isa = PBXFileReference; lastKnownFileType = folder.assetcatalog; path = Assets.xcassets; sourceTree = "<group>"; };
		53032B0B1E0C7A2F00208CBA /* Base */ = {isa = PBXFileReference; lastKnownFileType = file.storyboard; name = Base; path = Base.lproj/LaunchScreen.storyboard; sourceTree = "<group>"; };
		53032B0D1E0C7A2F00208CBA /* Info.plist */ = {isa = PBXFileReference; lastKnownFileType = text.plist.xml; path = Info.plist; sourceTree = "<group>"; };
		5345733E1E34422100E297D5 /* tic board.gif */ = {isa = PBXFileReference; lastKnownFileType = image.gif; path = "tic board.gif"; sourceTree = "<group>"; };
		5345733F1E34422100E297D5 /* tic1.png */ = {isa = PBXFileReference; lastKnownFileType = image.png; path = tic1.png; sourceTree = "<group>"; };
		534573401E34422100E297D5 /* tic2.png */ = {isa = PBXFileReference; lastKnownFileType = image.png; path = tic2.png; sourceTree = "<group>"; };
/* End PBXFileReference section */

/* Begin PBXFrameworksBuildPhase section */
		53032AFB1E0C7A2D00208CBA /* Frameworks */ = {
			isa = PBXFrameworksBuildPhase;
			buildActionMask = 2147483647;
			files = (
			);
			runOnlyForDeploymentPostprocessing = 0;
		};
/* End PBXFrameworksBuildPhase section */

/* Begin PBXGroup section */
		53032AF51E0C7A2D00208CBA = {
			isa = PBXGroup;
			children = (
				53032B001E0C7A2F00208CBA /* Tic Tac Toe */,
				53032AFF1E0C7A2F00208CBA /* Products */,
			);
			sourceTree = "<group>";
		};
		53032AFF1E0C7A2F00208CBA /* Products */ = {
			isa = PBXGroup;
			children = (
				53032AFE1E0C7A2F00208CBA /* Tic Tac Toe.app */,
			);
			name = Products;
			sourceTree = "<group>";
		};
		53032B001E0C7A2F00208CBA /* Tic Tac Toe */ = {
			isa = PBXGroup;
			children = (
				53032B011E0C7A2F00208CBA /* AppDelegate.swift */,
				53032B031E0C7A2F00208CBA /* ViewController.swift */,
				53032B051E0C7A2F00208CBA /* Main.storyboard */,
				5345733E1E34422100E297D5 /* tic board.gif */,
				5345733F1E34422100E297D5 /* tic1.png */,
				534573401E34422100E297D5 /* tic2.png */,
				53032B081E0C7A2F00208CBA /* Assets.xcassets */,
				53032B0A1E0C7A2F00208CBA /* LaunchScreen.storyboard */,
				53032B0D1E0C7A2F00208CBA /* Info.plist */,
			);
			path = "Tic Tac Toe";
			sourceTree = "<group>";
		};
/* End PBXGroup section */

/* Begin PBXNativeTarget section */
		53032AFD1E0C7A2D00208CBA /* Tic Tac Toe */ = {
			isa = PBXNativeTarget;
			buildConfigurationList = 53032B101E0C7A2F00208CBA /* Build configuration list for PBXNativeTarget "Tic Tac Toe" */;
			buildPhases = (
				53032AFA1E0C7A2D00208CBA /* Sources */,
				53032AFB1E0C7A2D00208CBA /* Frameworks */,
				53032AFC1E0C7A2D00208CBA /* Resources */,
			);
			buildRules = (
			);
			dependencies = (
			);
			name = "Tic Tac Toe";
			productName = "Tic Tac Toe";
			productReference = 53032AFE1E0C7A2F00208CBA /* Tic Tac Toe.app */;
			productType = "com.apple.product-type.application";
		};
/* End PBXNativeTarget section */

/* Begin PBXProject section */
		53032AF61E0C7A2D00208CBA /* Project object */ = {
			isa = PBXProject;
			attributes = {
				LastSwiftUpdateCheck = 0800;
				LastUpgradeCheck = 0800;
				ORGANIZATIONNAME = Kartik;
				TargetAttributes = {
					53032AFD1E0C7A2D00208CBA = {
						CreatedOnToolsVersion = 8.0;
						ProvisioningStyle = Automatic;
					};
				};
			};
			buildConfigurationList = 53032AF91E0C7A2D00208CBA /* Build configuration list for PBXProject "Tic Tac Toe" */;
			compatibilityVersion = "Xcode 3.2";
			developmentRegion = English;
			hasScannedForEncodings = 0;
			knownRegions = (
				en,
				Base,
			);
			mainGroup = 53032AF51E0C7A2D00208CBA;
			productRefGroup = 53032AFF1E0C7A2F00208CBA /* Products */;
			projectDirPath = "";
			projectRoot = "";
			targets = (
				53032AFD1E0C7A2D00208CBA /* Tic Tac Toe */,
			);
		};
/* End PBXProject section */

/* Begin PBXResourcesBuildPhase section */
		53032AFC1E0C7A2D00208CBA /* Resources */ = {
			isa = PBXResourcesBuildPhase;
			buildActionMask = 2147483647;
			files = (
				53032B0C1E0C7A2F00208CBA /* LaunchScreen.storyboard in Resources */,
				534573421E34422100E297D5 /* tic1.png in Resources */,
				534573411E34422100E297D5 /* tic board.gif in Resources */,
				53032B091E0C7A2F00208CBA /* Assets.xcassets in Resources */,
				53032B071E0C7A2F00208CBA /* Main.storyboard in Resources */,
				534573431E34422100E297D5 /* tic2.png in Resources */,
			);
			runOnlyForDeploymentPostprocessing = 0;
		};
/* End PBXResourcesBuildPhase section */

/* Begin PBXSourcesBuildPhase section */
		53032AFA1E0C7A2D00208CBA /* Sources */ = {
			isa = PBXSourcesBuildPhase;
			buildActionMask = 2147483647;
			files = (
				53032B041E0C7A2F00208CBA /* ViewController.swift in Sources */,
				53032B021E0C7A2F00208CBA /* AppDelegate.swift in Sources */,
			);
			runOnlyForDeploymentPostprocessing = 0;
		};
/* End PBXSourcesBuildPhase section */

/* Begin PBXVariantGroup section */
		53032B051E0C7A2F00208CBA /* Main.storyboard */ = {
			isa = PBXVariantGroup;
			children = (
				53032B061E0C7A2F00208CBA /* Base */,
			);
			name = Main.storyboard;
			sourceTree = "<group>";
		};
		53032B0A1E0C7A2F00208CBA /* LaunchScreen.storyboard */ = {
			isa = PBXVariantGroup;
			children = (
				53032B0B1E0C7A2F00208CBA /* Base */,
			);
			name = LaunchScreen.storyboard;
			sourceTree = "<group>";
		};
/* End PBXVariantGroup section */

/* Begin XCBuildConfiguration section */
		53032B0E1E0C7A2F00208CBA /* Debug */ = {
			isa = XCBuildConfiguration;
			buildSettings = {
				ALWAYS_SEARCH_USER_PATHS = NO;
				CLANG_ANALYZER_NONNULL = YES;
				CLANG_CXX_LANGUAGE_STANDARD = "gnu++0x";
				CLANG_CXX_LIBRARY = "libc++";
				CLANG_ENABLE_MODULES = YES;
				CLANG_ENABLE_OBJC_ARC = YES;
				CLANG_WARN_BOOL_CONVERSION = YES;
				CLANG_WARN_CONSTANT_CONVERSION = YES;
				CLANG_WARN_DIRECT_OBJC_ISA_USAGE = YES_ERROR;
				CLANG_WARN_DOCUMENTATION_COMMENTS = YES;
				CLANG_WARN_EMPTY_BODY = YES;
				CLANG_WARN_ENUM_CONVERSION = YES;
				CLANG_WARN_INFINITE_RECURSION = YES;
				CLANG_WARN_INT_CONVERSION = YES;
				CLANG_WARN_OBJC_ROOT_CLASS = YES_ERROR;
				CLANG_WARN_SUSPICIOUS_MOVES = YES;
				CLANG_WARN_UNREACHABLE_CODE = YES;
				CLANG_WARN__DUPLICATE_METHOD_MATCH = YES;
				"CODE_SIGN_IDENTITY[sdk=iphoneos*]" = "iPhone Developer";
				COPY_PHASE_STRIP = NO;
				DEBUG_INFORMATION_FORMAT = dwarf;
				ENABLE_STRICT_OBJC_MSGSEND = YES;
				ENABLE_TESTABILITY = YES;
				GCC_C_LANGUAGE_STANDARD = gnu99;
				GCC_DYNAMIC_NO_PIC = NO;
				GCC_NO_COMMON_BLOCKS = YES;
				GCC_OPTIMIZATION_LEVEL = 0;
				GCC_PREPROCESSOR_DEFINITIONS = (
					"DEBUG=1",
					"$(inherited)",
				);
				GCC_WARN_64_TO_32_BIT_CONVERSION = YES;
				GCC_WARN_ABOUT_RETURN_TYPE = YES_ERROR;
				GCC_WARN_UNDECLARED_SELECTOR = YES;
				GCC_WARN_UNINITIALIZED_AUTOS = YES_AGGRESSIVE;
				GCC_WARN_UNUSED_FUNCTION = YES;
				GCC_WARN_UNUSED_VARIABLE = YES;
				IPHONEOS_DEPLOYMENT_TARGET = 10.0;
				MTL_ENABLE_DEBUG_INFO = YES;
				ONLY_ACTIVE_ARCH = YES;
				SDKROOT = iphoneos;
				SWIFT_ACTIVE_COMPILATION_CONDITIONS = DEBUG;
				SWIFT_OPTIMIZATION_LEVEL = "-Onone";
			};
			name = Debug;
		};
		53032B0F1E0C7A2F00208CBA /* Release */ = {
			isa = XCBuildConfiguration;
			buildSettings = {
				ALWAYS_SEARCH_USER_PATHS = NO;
				CLANG_ANALYZER_NONNULL = YES;
				CLANG_CXX_LANGUAGE_STANDARD = "gnu++0x";
				CLANG_CXX_LIBRARY = "libc++";
				CLANG_ENABLE_MODULES = YES;
				CLANG_ENABLE_OBJC_ARC = YES;
				CLANG_WARN_BOOL_CONVERSION = YES;
				CLANG_WARN_CONSTANT_CONVERSION = YES;
				CLANG_WARN_DIRECT_OBJC_ISA_USAGE = YES_ERROR;
				CLANG_WARN_DOCUMENTATION_COMMENTS = YES;
				CLANG_WARN_EMPTY_BODY = YES;
				CLANG_WARN_ENUM_CONVERSION = YES;
				CLANG_WARN_INFINITE_RECURSION = YES;
				CLANG_WARN_INT_CONVERSION = YES;
				CLANG_WARN_OBJC_ROOT_CLASS = YES_ERROR;
				CLANG_WARN_SUSPICIOUS_MOVES = YES;
				CLANG_WARN_UNREACHABLE_CODE = YES;
				CLANG_WARN__DUPLICATE_METHOD_MATCH = YES;
				"CODE_SIGN_IDENTITY[sdk=iphoneos*]" = "iPhone Developer";
				COPY_PHASE_STRIP = NO;
				DEBUG_INFORMATION_FORMAT = "dwarf-with-dsym";
				ENABLE_NS_ASSERTIONS = NO;
				ENABLE_STRICT_OBJC_MSGSEND = YES;
				GCC_C_LANGUAGE_STANDARD = gnu99;
				GCC_NO_COMMON_BLOCKS = YES;
				GCC_WARN_64_TO_32_BIT_CONVERSION = YES;
				GCC_WARN_ABOUT_RETURN_TYPE = YES_ERROR;
				GCC_WARN_UNDECLARED_SELECTOR = YES;
				GCC_WARN_UNINITIALIZED_AUTOS = YES_AGGRESSIVE;
				GCC_WARN_UNUSED_FUNCTION = YES;
				GCC_WARN_UNUSED_VARIABLE = YES;
				IPHONEOS_DEPLOYMENT_TARGET = 10.0;
				MTL_ENABLE_DEBUG_INFO = NO;
				SDKROOT = iphoneos;
				SWIFT_OPTIMIZATION_LEVEL = "-Owholemodule";
				VALIDATE_PRODUCT = YES;
			};
			name = Release;
		};
		53032B111E0C7A2F00208CBA /* Debug */ = {
			isa = XCBuildConfiguration;
			buildSettings = {
				ASSETCATALOG_COMPILER_APPICON_NAME = AppIcon;
				INFOPLIST_FILE = "Tic Tac Toe/Info.plist";
				LD_RUNPATH_SEARCH_PATHS = "$(inherited) @executable_path/Frameworks";
				PRODUCT_BUNDLE_IDENTIFIER = "com.kartikgujarati.Tic-Tac-Toe";
				PRODUCT_NAME = "$(TARGET_NAME)";
				SWIFT_VERSION = 3.0;
			};
			name = Debug;
		};
		53032B121E0C7A2F00208CBA /* Release */ = {
			isa = XCBuildConfiguration;
			buildSettings = {
				ASSETCATALOG_COMPILER_APPICON_NAME = AppIcon;
				INFOPLIST_FILE = "Tic Tac Toe/Info.plist";
				LD_RUNPATH_SEARCH_PATHS = "$(inherited) @executable_path/Frameworks";
				PRODUCT_BUNDLE_IDENTIFIER = "com.kartikgujarati.Tic-Tac-Toe";
				PRODUCT_NAME = "$(TARGET_NAME)";
				SWIFT_VERSION = 3.0;
			};
			name = Release;
		};
/* End XCBuildConfiguration section */

/* Begin XCConfigurationList section */
		53032AF91E0C7A2D00208CBA /* Build configuration list for PBXProject "Tic Tac Toe" */ = {
			isa = XCConfigurationList;
			buildConfigurations = (
				53032B0E1E0C7A2F00208CBA /* Debug */,
				53032B0F1E0C7A2F00208CBA /* Release */,
			);
			defaultConfigurationIsVisible = 0;
			defaultConfigurationName = Release;
		};
		53032B101E0C7A2F00208CBA /* Build configuration list for PBXNativeTarget "Tic Tac Toe" */ = {
			isa = XCConfigurationList;
			buildConfigurations = (
				53032B111E0C7A2F00208CBA /* Debug */,
				53032B121E0C7A2F00208CBA /* Release */,
			);
			defaultConfigurationIsVisible = 0;
			defaultConfigurationName = Release;
		};
/* End XCConfigurationList section */
	};
	rootObject = 53032AF61E0C7A2D00208CBA /* Project object */;
}
